
Microsoft Visual Studio Solution File, Format Version 12.00
# Visual Studio Version 16
VisualStudioVersion = 16.0.32126.315
MinimumVisualStudioVersion = 10.0.40219.1
Project("{8BC9CEB8-8B4A-11D0-8D11-00A0C91BC942}") = "BFCSample11", "BFCSample11\BFCSample11.vcxproj", "{57AE7EA4-4353-465C-A45C-33D1AD918770}"
EndProject
Global
	GlobalSection(SolutionConfigurationPlatforms) = preSolution
		Debug|x64 = Debug|x64
		Debug|x86 = Debug|x86
		Release|x64 = Release|x64
		Release|x86 = Release|x86
	EndGlobalSection
	GlobalSection(ProjectConfigurationPlatforms) = postSolution
		{57AE7EA4-4353-465C-A45C-33D1AD918770}.Debug|x64.ActiveCfg = Debug|x64
		{57AE7EA4-4353-465C-A45C-33D1AD918770}.Debug|x64.Build.0 = Debug|x64
		{57AE7EA4-4353-465C-A45C-33D1AD918770}.Debug|x86.ActiveCfg = Debug|Win32
		{57AE7EA4-4353-465C-A45C-33D1AD918770}.Debug|x86.Build.0 = Debug|Win32
		{57AE7EA4-4353-465C-A45C-33D1AD918770}.Release|x64.ActiveCfg = Release|x64
		{57AE7EA4-4353-465C-A45C-33D1AD918770}.Release|x64.Build.0 = Release|x64
		{57AE7EA4-4353-465C-A45C-33D1AD918770}.Release|x86.ActiveCfg = Release|Win32
		{57AE7EA4-4353-465C-A45C-33D1AD918770}.Release|x86.Build.0 = Release|Win32
	EndGlobalSection
	GlobalSection(SolutionProperties) = preSolution
		HideSolutionNode = FALSE
	EndGlobalSection
	GlobalSection(ExtensibilityGlobals) = postSolution
		SolutionGuid = {24E947E3-A9C5-4930-A27C-C340AF26B85B}
	EndGlobalSection
EndGlobal
