
Microsoft Visual Studio Solution File, Format Version 12.00
# Visual Studio Version 16
VisualStudioVersion = 16.0.32126.315
MinimumVisualStudioVersion = 10.0.40219.1
Project("{8BC9CEB8-8B4A-11D0-8D11-00A0C91BC942}") = "BFCSample10", "BFCSample10\BFCSample10.vcxproj", "{7094C5BE-40AA-4376-B72A-E851EA71071E}"
EndProject
Global
	GlobalSection(SolutionConfigurationPlatforms) = preSolution
		Debug|x64 = Debug|x64
		Debug|x86 = Debug|x86
		Release|x64 = Release|x64
		Release|x86 = Release|x86
	EndGlobalSection
	GlobalSection(ProjectConfigurationPlatforms) = postSolution
		{7094C5BE-40AA-4376-B72A-E851EA71071E}.Debug|x64.ActiveCfg = Debug|x64
		{7094C5BE-40AA-4376-B72A-E851EA71071E}.Debug|x64.Build.0 = Debug|x64
		{7094C5BE-40AA-4376-B72A-E851EA71071E}.Debug|x86.ActiveCfg = Debug|Win32
		{7094C5BE-40AA-4376-B72A-E851EA71071E}.Debug|x86.Build.0 = Debug|Win32
		{7094C5BE-40AA-4376-B72A-E851EA71071E}.Release|x64.ActiveCfg = Release|x64
		{7094C5BE-40AA-4376-B72A-E851EA71071E}.Release|x64.Build.0 = Release|x64
		{7094C5BE-40AA-4376-B72A-E851EA71071E}.Release|x86.ActiveCfg = Release|Win32
		{7094C5BE-40AA-4376-B72A-E851EA71071E}.Release|x86.Build.0 = Release|Win32
	EndGlobalSection
	GlobalSection(SolutionProperties) = preSolution
		HideSolutionNode = FALSE
	EndGlobalSection
	GlobalSection(ExtensibilityGlobals) = postSolution
		SolutionGuid = {B39596DA-5F62-4A90-84DB-4AD25A2B6D89}
	EndGlobalSection
EndGlobal
