
Microsoft Visual Studio Solution File, Format Version 12.00
# Visual Studio Version 16
VisualStudioVersion = 16.0.32126.315
MinimumVisualStudioVersion = 10.0.40219.1
Project("{8BC9CEB8-8B4A-11D0-8D11-00A0C91BC942}") = "BFCSample15", "BFCSample15\BFCSample15.vcxproj", "{67F32606-53FE-46AA-BF4E-B9AC4E14AB4B}"
EndProject
Global
	GlobalSection(SolutionConfigurationPlatforms) = preSolution
		Debug|x64 = Debug|x64
		Debug|x86 = Debug|x86
		Release|x64 = Release|x64
		Release|x86 = Release|x86
	EndGlobalSection
	GlobalSection(ProjectConfigurationPlatforms) = postSolution
		{67F32606-53FE-46AA-BF4E-B9AC4E14AB4B}.Debug|x64.ActiveCfg = Debug|x64
		{67F32606-53FE-46AA-BF4E-B9AC4E14AB4B}.Debug|x64.Build.0 = Debug|x64
		{67F32606-53FE-46AA-BF4E-B9AC4E14AB4B}.Debug|x86.ActiveCfg = Debug|Win32
		{67F32606-53FE-46AA-BF4E-B9AC4E14AB4B}.Debug|x86.Build.0 = Debug|Win32
		{67F32606-53FE-46AA-BF4E-B9AC4E14AB4B}.Release|x64.ActiveCfg = Release|x64
		{67F32606-53FE-46AA-BF4E-B9AC4E14AB4B}.Release|x64.Build.0 = Release|x64
		{67F32606-53FE-46AA-BF4E-B9AC4E14AB4B}.Release|x86.ActiveCfg = Release|Win32
		{67F32606-53FE-46AA-BF4E-B9AC4E14AB4B}.Release|x86.Build.0 = Release|Win32
	EndGlobalSection
	GlobalSection(SolutionProperties) = preSolution
		HideSolutionNode = FALSE
	EndGlobalSection
	GlobalSection(ExtensibilityGlobals) = postSolution
		SolutionGuid = {F86C78F8-A998-49CF-8A59-A313904B3F30}
	EndGlobalSection
EndGlobal
