
Microsoft Visual Studio Solution File, Format Version 12.00
# Visual Studio Version 16
VisualStudioVersion = 16.0.32126.315
MinimumVisualStudioVersion = 10.0.40219.1
Project("{8BC9CEB8-8B4A-11D0-8D11-00A0C91BC942}") = "BFCSample03", "BFCSample03\BFCSample03.vcxproj", "{F6A444CA-F108-47D3-8E6D-37C38879A015}"
EndProject
Global
	GlobalSection(SolutionConfigurationPlatforms) = preSolution
		Debug|x64 = Debug|x64
		Debug|x86 = Debug|x86
		Release|x64 = Release|x64
		Release|x86 = Release|x86
	EndGlobalSection
	GlobalSection(ProjectConfigurationPlatforms) = postSolution
		{F6A444CA-F108-47D3-8E6D-37C38879A015}.Debug|x64.ActiveCfg = Debug|x64
		{F6A444CA-F108-47D3-8E6D-37C38879A015}.Debug|x64.Build.0 = Debug|x64
		{F6A444CA-F108-47D3-8E6D-37C38879A015}.Debug|x86.ActiveCfg = Debug|Win32
		{F6A444CA-F108-47D3-8E6D-37C38879A015}.Debug|x86.Build.0 = Debug|Win32
		{F6A444CA-F108-47D3-8E6D-37C38879A015}.Release|x64.ActiveCfg = Release|x64
		{F6A444CA-F108-47D3-8E6D-37C38879A015}.Release|x64.Build.0 = Release|x64
		{F6A444CA-F108-47D3-8E6D-37C38879A015}.Release|x86.ActiveCfg = Release|Win32
		{F6A444CA-F108-47D3-8E6D-37C38879A015}.Release|x86.Build.0 = Release|Win32
	EndGlobalSection
	GlobalSection(SolutionProperties) = preSolution
		HideSolutionNode = FALSE
	EndGlobalSection
	GlobalSection(ExtensibilityGlobals) = postSolution
		SolutionGuid = {E956E7F8-840F-4CCD-B47F-BF58E842CDC5}
	EndGlobalSection
EndGlobal
